
Microsoft Visual Studio Solution File, Format Version 12.00
# Visual Studio Version 17
VisualStudioVersion = 17.6.33829.357
MinimumVisualStudioVersion = 10.0.40219.1
Project("{FAE04EC0-301F-11D3-BF4B-00C04F79EFBC}") = "AuthProject", "AuthProject\AuthProject.csproj", "{76E5709E-352E-4910-9E2A-2D34B0818109}"
EndProject
Global
	GlobalSection(SolutionConfigurationPlatforms) = preSolution
		Debug|Any CPU = Debug|Any CPU
		Release|Any CPU = Release|Any CPU
	EndGlobalSection
	GlobalSection(ProjectConfigurationPlatforms) = postSolution
		{76E5709E-352E-4910-9E2A-2D34B0818109}.Debug|Any CPU.ActiveCfg = Debug|Any CPU
		{76E5709E-352E-4910-9E2A-2D34B0818109}.Debug|Any CPU.Build.0 = Debug|Any CPU
		{76E5709E-352E-4910-9E2A-2D34B0818109}.Release|Any CPU.ActiveCfg = Release|Any CPU
		{76E5709E-352E-4910-9E2A-2D34B0818109}.Release|Any CPU.Build.0 = Release|Any CPU
	EndGlobalSection
	GlobalSection(SolutionProperties) = preSolution
		HideSolutionNode = FALSE
	EndGlobalSection
	GlobalSection(ExtensibilityGlobals) = postSolution
		SolutionGuid = {E12D9CE7-2C4F-4E3D-BBF0-31962959257C}
	EndGlobalSection
EndGlobal
